
Microsoft Visual Studio Solution File, Format Version 12.00
# Visual Studio Version 17
VisualStudioVersion = 17.2.32526.322
MinimumVisualStudioVersion = 10.0.40219.1
Project("{FAE04EC0-301F-11D3-BF4B-00C04F79EFBC}") = "cs-practice-work", "cs-practice-work.csproj", "{8EBFFEEC-F984-4CA5-958D-AB815C2868A1}"
EndProject
Global
	GlobalSection(SolutionConfigurationPlatforms) = preSolution
		Debug|Any CPU = Debug|Any CPU
		Release|Any CPU = Release|Any CPU
	EndGlobalSection
	GlobalSection(ProjectConfigurationPlatforms) = postSolution
		{8EBFFEEC-F984-4CA5-958D-AB815C2868A1}.Debug|Any CPU.ActiveCfg = Debug|Any CPU
		{8EBFFEEC-F984-4CA5-958D-AB815C2868A1}.Debug|Any CPU.Build.0 = Debug|Any CPU
		{8EBFFEEC-F984-4CA5-958D-AB815C2868A1}.Release|Any CPU.ActiveCfg = Release|Any CPU
		{8EBFFEEC-F984-4CA5-958D-AB815C2868A1}.Release|Any CPU.Build.0 = Release|Any CPU
	EndGlobalSection
	GlobalSection(SolutionProperties) = preSolution
		HideSolutionNode = FALSE
	EndGlobalSection
	GlobalSection(ExtensibilityGlobals) = postSolution
		SolutionGuid = {B9009FE9-E8A4-4281-A991-4F94E1EFF0D7}
	EndGlobalSection
EndGlobal
